// !$*UTF8*$!
{
	archiveVersion = 1;
	classes = {
	};
	objectVersion = 46;
	objects = {

/* Begin PBXBuildFile section */
		F45F14191E69D16F00895D5E /* AppDelegate.swift in Sources */ = {isa = PBXBuildFile; fileRef = F45F14181E69D16F00895D5E /* AppDelegate.swift */; };
		F45F141B1E69D16F00895D5E /* ViewController.swift in Sources */ = {isa = PBXBuildFile; fileRef = F45F141A1E69D16F00895D5E /* ViewController.swift */; };
		F45F141E1E69D16F00895D5E /* Main.storyboard in Resources */ = {isa = PBXBuildFile; fileRef = F45F141C1E69D16F00895D5E /* Main.storyboard */; };
		F45F14201E69D16F00895D5E /* Assets.xcassets in Resources */ = {isa = PBXBuildFile; fileRef = F45F141F1E69D16F00895D5E /* Assets.xcassets */; };
		F45F14231E69D16F00895D5E /* LaunchScreen.storyboard in Resources */ = {isa = PBXBuildFile; fileRef = F45F14211E69D16F00895D5E /* LaunchScreen.storyboard */; };
		F4FB7BE81E69F53200F00683 /* IQNSArray+Sort.swift in Sources */ = {isa = PBXBuildFile; fileRef = F4FB7BD21E69F53200F00683 /* IQNSArray+Sort.swift */; };
		F4FB7BE91E69F53200F00683 /* IQUIScrollView+Additions.swift in Sources */ = {isa = PBXBuildFile; fileRef = F4FB7BD31E69F53200F00683 /* IQUIScrollView+Additions.swift */; };
		F4FB7BEA1E69F53200F00683 /* IQUITextFieldView+Additions.swift in Sources */ = {isa = PBXBuildFile; fileRef = F4FB7BD41E69F53200F00683 /* IQUITextFieldView+Additions.swift */; };
		F4FB7BEB1E69F53200F00683 /* IQUIView+Hierarchy.swift in Sources */ = {isa = PBXBuildFile; fileRef = F4FB7BD51E69F53200F00683 /* IQUIView+Hierarchy.swift */; };
		F4FB7BEC1E69F53200F00683 /* IQUIViewController+Additions.swift in Sources */ = {isa = PBXBuildFile; fileRef = F4FB7BD61E69F53200F00683 /* IQUIViewController+Additions.swift */; };
		F4FB7BED1E69F53200F00683 /* IQUIWindow+Hierarchy.swift in Sources */ = {isa = PBXBuildFile; fileRef = F4FB7BD71E69F53200F00683 /* IQUIWindow+Hierarchy.swift */; };
		F4FB7BEE1E69F53200F00683 /* IQKeyboardManagerConstants.swift in Sources */ = {isa = PBXBuildFile; fileRef = F4FB7BD91E69F53200F00683 /* IQKeyboardManagerConstants.swift */; };
		F4FB7BEF1E69F53200F00683 /* IQKeyboardManagerConstantsInternal.swift in Sources */ = {isa = PBXBuildFile; fileRef = F4FB7BDA1E69F53200F00683 /* IQKeyboardManagerConstantsInternal.swift */; };
		F4FB7BF01E69F53200F00683 /* IQKeyboardManager.swift in Sources */ = {isa = PBXBuildFile; fileRef = F4FB7BDB1E69F53200F00683 /* IQKeyboardManager.swift */; };
		F4FB7BF11E69F53200F00683 /* IQKeyboardReturnKeyHandler.swift in Sources */ = {isa = PBXBuildFile; fileRef = F4FB7BDD1E69F53200F00683 /* IQKeyboardReturnKeyHandler.swift */; };
		F4FB7BF21E69F53200F00683 /* IQTextView.swift in Sources */ = {isa = PBXBuildFile; fileRef = F4FB7BDF1E69F53200F00683 /* IQTextView.swift */; };
		F4FB7BF31E69F53200F00683 /* IQBarButtonItem.swift in Sources */ = {isa = PBXBuildFile; fileRef = F4FB7BE11E69F53200F00683 /* IQBarButtonItem.swift */; };
		F4FB7BF41E69F53200F00683 /* IQPreviousNextView.swift in Sources */ = {isa = PBXBuildFile; fileRef = F4FB7BE21E69F53200F00683 /* IQPreviousNextView.swift */; };
		F4FB7BF51E69F53200F00683 /* IQTitleBarButtonItem.swift in Sources */ = {isa = PBXBuildFile; fileRef = F4FB7BE31E69F53200F00683 /* IQTitleBarButtonItem.swift */; };
		F4FB7BF61E69F53200F00683 /* IQToolbar.swift in Sources */ = {isa = PBXBuildFile; fileRef = F4FB7BE41E69F53200F00683 /* IQToolbar.swift */; };
		F4FB7BF71E69F53200F00683 /* IQUIView+IQKeyboardToolbar.swift in Sources */ = {isa = PBXBuildFile; fileRef = F4FB7BE51E69F53200F00683 /* IQUIView+IQKeyboardToolbar.swift */; };
		F4FB7BF81E69F53200F00683 /* IQKeyboardManager.bundle in Resources */ = {isa = PBXBuildFile; fileRef = F4FB7BE71E69F53200F00683 /* IQKeyboardManager.bundle */; };
		F4FB7BFE1E69F6A500F00683 /* DatePickerDialog.swift in Sources */ = {isa = PBXBuildFile; fileRef = F4FB7BFB1E69F6A500F00683 /* DatePickerDialog.swift */; };
		F4FB7BFF1E69F6A500F00683 /* StringUtility.swift in Sources */ = {isa = PBXBuildFile; fileRef = F4FB7BFC1E69F6A500F00683 /* StringUtility.swift */; };
		F4FB7C001E69F6A500F00683 /* Utility.swift in Sources */ = {isa = PBXBuildFile; fileRef = F4FB7BFD1E69F6A500F00683 /* Utility.swift */; };
		F4FB7C031E6A02AD00F00683 /* DetailViewController.swift in Sources */ = {isa = PBXBuildFile; fileRef = F4FB7C021E6A02AD00F00683 /* DetailViewController.swift */; };
		F4FB7C071E6A15B800F00683 /* video_1.mp4 in Resources */ = {isa = PBXBuildFile; fileRef = F4FB7C061E6A15B800F00683 /* video_1.mp4 */; };
/* End PBXBuildFile section */

/* Begin PBXFileReference section */
		F45F14151E69D16F00895D5E /* iOSTestTask.app */ = {isa = PBXFileReference; explicitFileType = wrapper.application; includeInIndex = 0; path = iOSTestTask.app; sourceTree = BUILT_PRODUCTS_DIR; };
		F45F14181E69D16F00895D5E /* AppDelegate.swift */ = {isa = PBXFileReference; lastKnownFileType = sourcecode.swift; path = AppDelegate.swift; sourceTree = "<group>"; };
		F45F141A1E69D16F00895D5E /* ViewController.swift */ = {isa = PBXFileReference; lastKnownFileType = sourcecode.swift; path = ViewController.swift; sourceTree = "<group>"; };
		F45F141D1E69D16F00895D5E /* Base */ = {isa = PBXFileReference; lastKnownFileType = file.storyboard; name = Base; path = Base.lproj/Main.storyboard; sourceTree = "<group>"; };
		F45F141F1E69D16F00895D5E /* Assets.xcassets */ = {isa = PBXFileReference; lastKnownFileType = folder.assetcatalog; path = Assets.xcassets; sourceTree = "<group>"; };
		F45F14221E69D16F00895D5E /* Base */ = {isa = PBXFileReference; lastKnownFileType = file.storyboard; name = Base; path = Base.lproj/LaunchScreen.storyboard; sourceTree = "<group>"; };
		F45F14241E69D16F00895D5E /* Info.plist */ = {isa = PBXFileReference; lastKnownFileType = text.plist.xml; path = Info.plist; sourceTree = "<group>"; };
		F4FB7BD21E69F53200F00683 /* IQNSArray+Sort.swift */ = {isa = PBXFileReference; fileEncoding = 4; lastKnownFileType = sourcecode.swift; path = "IQNSArray+Sort.swift"; sourceTree = "<group>"; };
		F4FB7BD31E69F53200F00683 /* IQUIScrollView+Additions.swift */ = {isa = PBXFileReference; fileEncoding = 4; lastKnownFileType = sourcecode.swift; path = "IQUIScrollView+Additions.swift"; sourceTree = "<group>"; };
		F4FB7BD41E69F53200F00683 /* IQUITextFieldView+Additions.swift */ = {isa = PBXFileReference; fileEncoding = 4; lastKnownFileType = sourcecode.swift; path = "IQUITextFieldView+Additions.swift"; sourceTree = "<group>"; };
		F4FB7BD51E69F53200F00683 /* IQUIView+Hierarchy.swift */ = {isa = PBXFileReference; fileEncoding = 4; lastKnownFileType = sourcecode.swift; path = "IQUIView+Hierarchy.swift"; sourceTree = "<group>"; };
		F4FB7BD61E69F53200F00683 /* IQUIViewController+Additions.swift */ = {isa = PBXFileReference; fileEncoding = 4; lastKnownFileType = sourcecode.swift; path = "IQUIViewController+Additions.swift"; sourceTree = "<group>"; };
		F4FB7BD71E69F53200F00683 /* IQUIWindow+Hierarchy.swift */ = {isa = PBXFileReference; fileEncoding = 4; lastKnownFileType = sourcecode.swift; path = "IQUIWindow+Hierarchy.swift"; sourceTree = "<group>"; };
		F4FB7BD91E69F53200F00683 /* IQKeyboardManagerConstants.swift */ = {isa = PBXFileReference; fileEncoding = 4; lastKnownFileType = sourcecode.swift; path = IQKeyboardManagerConstants.swift; sourceTree = "<group>"; };
		F4FB7BDA1E69F53200F00683 /* IQKeyboardManagerConstantsInternal.swift */ = {isa = PBXFileReference; fileEncoding = 4; lastKnownFileType = sourcecode.swift; path = IQKeyboardManagerConstantsInternal.swift; sourceTree = "<group>"; };
		F4FB7BDB1E69F53200F00683 /* IQKeyboardManager.swift */ = {isa = PBXFileReference; fileEncoding = 4; lastKnownFileType = sourcecode.swift; path = IQKeyboardManager.swift; sourceTree = "<group>"; };
		F4FB7BDC1E69F53200F00683 /* IQKeyboardManagerSwift.h */ = {isa = PBXFileReference; fileEncoding = 4; lastKnownFileType = sourcecode.c.h; path = IQKeyboardManagerSwift.h; sourceTree = "<group>"; };
		F4FB7BDD1E69F53200F00683 /* IQKeyboardReturnKeyHandler.swift */ = {isa = PBXFileReference; fileEncoding = 4; lastKnownFileType = sourcecode.swift; path = IQKeyboardReturnKeyHandler.swift; sourceTree = "<group>"; };
		F4FB7BDF1E69F53200F00683 /* IQTextView.swift */ = {isa = PBXFileReference; fileEncoding = 4; lastKnownFileType = sourcecode.swift; path = IQTextView.swift; sourceTree = "<group>"; };
		F4FB7BE11E69F53200F00683 /* IQBarButtonItem.swift */ = {isa = PBXFileReference; fileEncoding = 4; lastKnownFileType = sourcecode.swift; path = IQBarButtonItem.swift; sourceTree = "<group>"; };
		F4FB7BE21E69F53200F00683 /* IQPreviousNextView.swift */ = {isa = PBXFileReference; fileEncoding = 4; lastKnownFileType = sourcecode.swift; path = IQPreviousNextView.swift; sourceTree = "<group>"; };
		F4FB7BE31E69F53200F00683 /* IQTitleBarButtonItem.swift */ = {isa = PBXFileReference; fileEncoding = 4; lastKnownFileType = sourcecode.swift; path = IQTitleBarButtonItem.swift; sourceTree = "<group>"; };
		F4FB7BE41E69F53200F00683 /* IQToolbar.swift */ = {isa = PBXFileReference; fileEncoding = 4; lastKnownFileType = sourcecode.swift; path = IQToolbar.swift; sourceTree = "<group>"; };
		F4FB7BE51E69F53200F00683 /* IQUIView+IQKeyboardToolbar.swift */ = {isa = PBXFileReference; fileEncoding = 4; lastKnownFileType = sourcecode.swift; path = "IQUIView+IQKeyboardToolbar.swift"; sourceTree = "<group>"; };
		F4FB7BE71E69F53200F00683 /* IQKeyboardManager.bundle */ = {isa = PBXFileReference; lastKnownFileType = "wrapper.plug-in"; path = IQKeyboardManager.bundle; sourceTree = "<group>"; };
		F4FB7BFB1E69F6A500F00683 /* DatePickerDialog.swift */ = {isa = PBXFileReference; fileEncoding = 4; lastKnownFileType = sourcecode.swift; path = DatePickerDialog.swift; sourceTree = "<group>"; };
		F4FB7BFC1E69F6A500F00683 /* StringUtility.swift */ = {isa = PBXFileReference; fileEncoding = 4; lastKnownFileType = sourcecode.swift; path = StringUtility.swift; sourceTree = "<group>"; };
		F4FB7BFD1E69F6A500F00683 /* Utility.swift */ = {isa = PBXFileReference; fileEncoding = 4; lastKnownFileType = sourcecode.swift; path = Utility.swift; sourceTree = "<group>"; };
		F4FB7C011E69FC4300F00683 /* video.mp4 */ = {isa = PBXFileReference; lastKnownFileType = file; path = video.mp4; sourceTree = "<group>"; };
		F4FB7C021E6A02AD00F00683 /* DetailViewController.swift */ = {isa = PBXFileReference; fileEncoding = 4; lastKnownFileType = sourcecode.swift; path = DetailViewController.swift; sourceTree = "<group>"; };
		F4FB7C061E6A15B800F00683 /* video_1.mp4 */ = {isa = PBXFileReference; lastKnownFileType = file; path = video_1.mp4; sourceTree = "<group>"; };
/* End PBXFileReference section */

/* Begin PBXFrameworksBuildPhase section */
		F45F14121E69D16F00895D5E /* Frameworks */ = {
			isa = PBXFrameworksBuildPhase;
			buildActionMask = 2147483647;
			files = (
			);
			runOnlyForDeploymentPostprocessing = 0;
		};
/* End PBXFrameworksBuildPhase section */

/* Begin PBXGroup section */
		F45F140C1E69D16F00895D5E = {
			isa = PBXGroup;
			children = (
				F45F14171E69D16F00895D5E /* iOSTestTask */,
				F45F14161E69D16F00895D5E /* Products */,
			);
			sourceTree = "<group>";
		};
		F45F14161E69D16F00895D5E /* Products */ = {
			isa = PBXGroup;
			children = (
				F45F14151E69D16F00895D5E /* iOSTestTask.app */,
			);
			name = Products;
			sourceTree = "<group>";
		};
		F45F14171E69D16F00895D5E /* iOSTestTask */ = {
			isa = PBXGroup;
			children = (
				F4FB7BF91E69F6A500F00683 /* Utility */,
				F4FB7BD01E69F53200F00683 /* IQKeyboardManagerSwift */,
				F45F14181E69D16F00895D5E /* AppDelegate.swift */,
				F45F141A1E69D16F00895D5E /* ViewController.swift */,
				F4FB7C021E6A02AD00F00683 /* DetailViewController.swift */,
				F4FB7C061E6A15B800F00683 /* video_1.mp4 */,
				F4FB7C011E69FC4300F00683 /* video.mp4 */,
				F45F141C1E69D16F00895D5E /* Main.storyboard */,
				F45F141F1E69D16F00895D5E /* Assets.xcassets */,
				F45F14211E69D16F00895D5E /* LaunchScreen.storyboard */,
				F45F14241E69D16F00895D5E /* Info.plist */,
			);
			path = iOSTestTask;
			sourceTree = "<group>";
		};
		F4FB7BD01E69F53200F00683 /* IQKeyboardManagerSwift */ = {
			isa = PBXGroup;
			children = (
				F4FB7BD11E69F53200F00683 /* Categories */,
				F4FB7BD81E69F53200F00683 /* Constants */,
				F4FB7BDB1E69F53200F00683 /* IQKeyboardManager.swift */,
				F4FB7BDC1E69F53200F00683 /* IQKeyboardManagerSwift.h */,
				F4FB7BDD1E69F53200F00683 /* IQKeyboardReturnKeyHandler.swift */,
				F4FB7BDE1E69F53200F00683 /* IQTextView */,
				F4FB7BE01E69F53200F00683 /* IQToolbar */,
				F4FB7BE61E69F53200F00683 /* Resources */,
			);
			path = IQKeyboardManagerSwift;
			sourceTree = "<group>";
		};
		F4FB7BD11E69F53200F00683 /* Categories */ = {
			isa = PBXGroup;
			children = (
				F4FB7BD21E69F53200F00683 /* IQNSArray+Sort.swift */,
				F4FB7BD31E69F53200F00683 /* IQUIScrollView+Additions.swift */,
				F4FB7BD41E69F53200F00683 /* IQUITextFieldView+Additions.swift */,
				F4FB7BD51E69F53200F00683 /* IQUIView+Hierarchy.swift */,
				F4FB7BD61E69F53200F00683 /* IQUIViewController+Additions.swift */,
				F4FB7BD71E69F53200F00683 /* IQUIWindow+Hierarchy.swift */,
			);
			path = Categories;
			sourceTree = "<group>";
		};
		F4FB7BD81E69F53200F00683 /* Constants */ = {
			isa = PBXGroup;
			children = (
				F4FB7BD91E69F53200F00683 /* IQKeyboardManagerConstants.swift */,
				F4FB7BDA1E69F53200F00683 /* IQKeyboardManagerConstantsInternal.swift */,
			);
			path = Constants;
			sourceTree = "<group>";
		};
		F4FB7BDE1E69F53200F00683 /* IQTextView */ = {
			isa = PBXGroup;
			children = (
				F4FB7BDF1E69F53200F00683 /* IQTextView.swift */,
			);
			path = IQTextView;
			sourceTree = "<group>";
		};
		F4FB7BE01E69F53200F00683 /* IQToolbar */ = {
			isa = PBXGroup;
			children = (
				F4FB7BE11E69F53200F00683 /* IQBarButtonItem.swift */,
				F4FB7BE21E69F53200F00683 /* IQPreviousNextView.swift */,
				F4FB7BE31E69F53200F00683 /* IQTitleBarButtonItem.swift */,
				F4FB7BE41E69F53200F00683 /* IQToolbar.swift */,
				F4FB7BE51E69F53200F00683 /* IQUIView+IQKeyboardToolbar.swift */,
			);
			path = IQToolbar;
			sourceTree = "<group>";
		};
		F4FB7BE61E69F53200F00683 /* Resources */ = {
			isa = PBXGroup;
			children = (
				F4FB7BE71E69F53200F00683 /* IQKeyboardManager.bundle */,
			);
			path = Resources;
			sourceTree = "<group>";
		};
		F4FB7BF91E69F6A500F00683 /* Utility */ = {
			isa = PBXGroup;
			children = (
				F4FB7BFA1E69F6A500F00683 /* DatePickerDialog */,
				F4FB7BFC1E69F6A500F00683 /* StringUtility.swift */,
				F4FB7BFD1E69F6A500F00683 /* Utility.swift */,
			);
			path = Utility;
			sourceTree = "<group>";
		};
		F4FB7BFA1E69F6A500F00683 /* DatePickerDialog */ = {
			isa = PBXGroup;
			children = (
				F4FB7BFB1E69F6A500F00683 /* DatePickerDialog.swift */,
			);
			path = DatePickerDialog;
			sourceTree = "<group>";
		};
/* End PBXGroup section */

/* Begin PBXNativeTarget section */
		F45F14141E69D16F00895D5E /* iOSTestTask */ = {
			isa = PBXNativeTarget;
			buildConfigurationList = F45F14271E69D16F00895D5E /* Build configuration list for PBXNativeTarget "iOSTestTask" */;
			buildPhases = (
				F45F14111E69D16F00895D5E /* Sources */,
				F45F14121E69D16F00895D5E /* Frameworks */,
				F45F14131E69D16F00895D5E /* Resources */,
			);
			buildRules = (
			);
			dependencies = (
			);
			name = iOSTestTask;
			productName = iOSTestTask;
			productReference = F45F14151E69D16F00895D5E /* iOSTestTask.app */;
			productType = "com.apple.product-type.application";
		};
/* End PBXNativeTarget section */

/* Begin PBXProject section */
		F45F140D1E69D16F00895D5E /* Project object */ = {
			isa = PBXProject;
			attributes = {
				LastSwiftUpdateCheck = 0810;
				LastUpgradeCheck = 0810;
				ORGANIZATIONNAME = "Pushpendra Mishra";
				TargetAttributes = {
					F45F14141E69D16F00895D5E = {
						CreatedOnToolsVersion = 8.1;
						ProvisioningStyle = Manual;
					};
				};
			};
			buildConfigurationList = F45F14101E69D16F00895D5E /* Build configuration list for PBXProject "iOSTestTask" */;
			compatibilityVersion = "Xcode 3.2";
			developmentRegion = English;
			hasScannedForEncodings = 0;
			knownRegions = (
				en,
				Base,
			);
			mainGroup = F45F140C1E69D16F00895D5E;
			productRefGroup = F45F14161E69D16F00895D5E /* Products */;
			projectDirPath = "";
			projectRoot = "";
			targets = (
				F45F14141E69D16F00895D5E /* iOSTestTask */,
			);
		};
/* End PBXProject section */

/* Begin PBXResourcesBuildPhase section */
		F45F14131E69D16F00895D5E /* Resources */ = {
			isa = PBXResourcesBuildPhase;
			buildActionMask = 2147483647;
			files = (
				F45F14231E69D16F00895D5E /* LaunchScreen.storyboard in Resources */,
				F45F14201E69D16F00895D5E /* Assets.xcassets in Resources */,
				F4FB7BF81E69F53200F00683 /* IQKeyboardManager.bundle in Resources */,
				F45F141E1E69D16F00895D5E /* Main.storyboard in Resources */,
				F4FB7C071E6A15B800F00683 /* video_1.mp4 in Resources */,
			);
			runOnlyForDeploymentPostprocessing = 0;
		};
/* End PBXResourcesBuildPhase section */

/* Begin PBXSourcesBuildPhase section */
		F45F14111E69D16F00895D5E /* Sources */ = {
			isa = PBXSourcesBuildPhase;
			buildActionMask = 2147483647;
			files = (
				F4FB7BF71E69F53200F00683 /* IQUIView+IQKeyboardToolbar.swift in Sources */,
				F4FB7BEA1E69F53200F00683 /* IQUITextFieldView+Additions.swift in Sources */,
				F4FB7BFE1E69F6A500F00683 /* DatePickerDialog.swift in Sources */,
				F4FB7BF51E69F53200F00683 /* IQTitleBarButtonItem.swift in Sources */,
				F4FB7BEE1E69F53200F00683 /* IQKeyboardManagerConstants.swift in Sources */,
				F4FB7BF31E69F53200F00683 /* IQBarButtonItem.swift in Sources */,
				F4FB7BF11E69F53200F00683 /* IQKeyboardReturnKeyHandler.swift in Sources */,
				F45F141B1E69D16F00895D5E /* ViewController.swift in Sources */,
				F4FB7BE91E69F53200F00683 /* IQUIScrollView+Additions.swift in Sources */,
				F4FB7BEC1E69F53200F00683 /* IQUIViewController+Additions.swift in Sources */,
				F4FB7BEF1E69F53200F00683 /* IQKeyboardManagerConstantsInternal.swift in Sources */,
				F4FB7C031E6A02AD00F00683 /* DetailViewController.swift in Sources */,
				F45F14191E69D16F00895D5E /* AppDelegate.swift in Sources */,
				F4FB7BF61E69F53200F00683 /* IQToolbar.swift in Sources */,
				F4FB7BFF1E69F6A500F00683 /* StringUtility.swift in Sources */,
				F4FB7C001E69F6A500F00683 /* Utility.swift in Sources */,
				F4FB7BF01E69F53200F00683 /* IQKeyboardManager.swift in Sources */,
				F4FB7BEB1E69F53200F00683 /* IQUIView+Hierarchy.swift in Sources */,
				F4FB7BF41E69F53200F00683 /* IQPreviousNextView.swift in Sources */,
				F4FB7BF21E69F53200F00683 /* IQTextView.swift in Sources */,
				F4FB7BE81E69F53200F00683 /* IQNSArray+Sort.swift in Sources */,
				F4FB7BED1E69F53200F00683 /* IQUIWindow+Hierarchy.swift in Sources */,
			);
			runOnlyForDeploymentPostprocessing = 0;
		};
/* End PBXSourcesBuildPhase section */

/* Begin PBXVariantGroup section */
		F45F141C1E69D16F00895D5E /* Main.storyboard */ = {
			isa = PBXVariantGroup;
			children = (
				F45F141D1E69D16F00895D5E /* Base */,
			);
			name = Main.storyboard;
			sourceTree = "<group>";
		};
		F45F14211E69D16F00895D5E /* LaunchScreen.storyboard */ = {
			isa = PBXVariantGroup;
			children = (
				F45F14221E69D16F00895D5E /* Base */,
			);
			name = LaunchScreen.storyboard;
			sourceTree = "<group>";
		};
/* End PBXVariantGroup section */

/* Begin XCBuildConfiguration section */
		F45F14251E69D16F00895D5E /* Debug */ = {
			isa = XCBuildConfiguration;
			buildSettings = {
				ALWAYS_SEARCH_USER_PATHS = NO;
				CLANG_ANALYZER_NONNULL = YES;
				CLANG_CXX_LANGUAGE_STANDARD = "gnu++0x";
				CLANG_CXX_LIBRARY = "libc++";
				CLANG_ENABLE_MODULES = YES;
				CLANG_ENABLE_OBJC_ARC = YES;
				CLANG_WARN_BOOL_CONVERSION = YES;
				CLANG_WARN_CONSTANT_CONVERSION = YES;
				CLANG_WARN_DIRECT_OBJC_ISA_USAGE = YES_ERROR;
				CLANG_WARN_DOCUMENTATION_COMMENTS = YES;
				CLANG_WARN_EMPTY_BODY = YES;
				CLANG_WARN_ENUM_CONVERSION = YES;
				CLANG_WARN_INFINITE_RECURSION = YES;
				CLANG_WARN_INT_CONVERSION = YES;
				CLANG_WARN_OBJC_ROOT_CLASS = YES_ERROR;
				CLANG_WARN_SUSPICIOUS_MOVES = YES;
				CLANG_WARN_UNREACHABLE_CODE = YES;
				CLANG_WARN__DUPLICATE_METHOD_MATCH = YES;
				"CODE_SIGN_IDENTITY[sdk=iphoneos*]" = "iPhone Developer";
				COPY_PHASE_STRIP = NO;
				DEBUG_INFORMATION_FORMAT = dwarf;
				ENABLE_STRICT_OBJC_MSGSEND = YES;
				ENABLE_TESTABILITY = YES;
				GCC_C_LANGUAGE_STANDARD = gnu99;
				GCC_DYNAMIC_NO_PIC = NO;
				GCC_NO_COMMON_BLOCKS = YES;
				GCC_OPTIMIZATION_LEVEL = 0;
				GCC_PREPROCESSOR_DEFINITIONS = (
					"DEBUG=1",
					"$(inherited)",
				);
				GCC_WARN_64_TO_32_BIT_CONVERSION = YES;
				GCC_WARN_ABOUT_RETURN_TYPE = YES_ERROR;
				GCC_WARN_UNDECLARED_SELECTOR = YES;
				GCC_WARN_UNINITIALIZED_AUTOS = YES_AGGRESSIVE;
				GCC_WARN_UNUSED_FUNCTION = YES;
				GCC_WARN_UNUSED_VARIABLE = YES;
				IPHONEOS_DEPLOYMENT_TARGET = 10.1;
				MTL_ENABLE_DEBUG_INFO = YES;
				ONLY_ACTIVE_ARCH = YES;
				SDKROOT = iphoneos;
				SWIFT_ACTIVE_COMPILATION_CONDITIONS = DEBUG;
				SWIFT_OPTIMIZATION_LEVEL = "-Onone";
			};
			name = Debug;
		};
		F45F14261E69D16F00895D5E /* Release */ = {
			isa = XCBuildConfiguration;
			buildSettings = {
				ALWAYS_SEARCH_USER_PATHS = NO;
				CLANG_ANALYZER_NONNULL = YES;
				CLANG_CXX_LANGUAGE_STANDARD = "gnu++0x";
				CLANG_CXX_LIBRARY = "libc++";
				CLANG_ENABLE_MODULES = YES;
				CLANG_ENABLE_OBJC_ARC = YES;
				CLANG_WARN_BOOL_CONVERSION = YES;
				CLANG_WARN_CONSTANT_CONVERSION = YES;
				CLANG_WARN_DIRECT_OBJC_ISA_USAGE = YES_ERROR;
				CLANG_WARN_DOCUMENTATION_COMMENTS = YES;
				CLANG_WARN_EMPTY_BODY = YES;
				CLANG_WARN_ENUM_CONVERSION = YES;
				CLANG_WARN_INFINITE_RECURSION = YES;
				CLANG_WARN_INT_CONVERSION = YES;
				CLANG_WARN_OBJC_ROOT_CLASS = YES_ERROR;
				CLANG_WARN_SUSPICIOUS_MOVES = YES;
				CLANG_WARN_UNREACHABLE_CODE = YES;
				CLANG_WARN__DUPLICATE_METHOD_MATCH = YES;
				"CODE_SIGN_IDENTITY[sdk=iphoneos*]" = "iPhone Developer";
				COPY_PHASE_STRIP = NO;
				DEBUG_INFORMATION_FORMAT = "dwarf-with-dsym";
				ENABLE_NS_ASSERTIONS = NO;
				ENABLE_STRICT_OBJC_MSGSEND = YES;
				GCC_C_LANGUAGE_STANDARD = gnu99;
				GCC_NO_COMMON_BLOCKS = YES;
				GCC_WARN_64_TO_32_BIT_CONVERSION = YES;
				GCC_WARN_ABOUT_RETURN_TYPE = YES_ERROR;
				GCC_WARN_UNDECLARED_SELECTOR = YES;
				GCC_WARN_UNINITIALIZED_AUTOS = YES_AGGRESSIVE;
				GCC_WARN_UNUSED_FUNCTION = YES;
				GCC_WARN_UNUSED_VARIABLE = YES;
				IPHONEOS_DEPLOYMENT_TARGET = 10.1;
				MTL_ENABLE_DEBUG_INFO = NO;
				SDKROOT = iphoneos;
				SWIFT_OPTIMIZATION_LEVEL = "-Owholemodule";
				VALIDATE_PRODUCT = YES;
			};
			name = Release;
		};
		F45F14281E69D16F00895D5E /* Debug */ = {
			isa = XCBuildConfiguration;
			buildSettings = {
				ASSETCATALOG_COMPILER_APPICON_NAME = AppIcon;
				DEVELOPMENT_TEAM = "";
				INFOPLIST_FILE = iOSTestTask/Info.plist;
				LD_RUNPATH_SEARCH_PATHS = "$(inherited) @executable_path/Frameworks";
				PRODUCT_BUNDLE_IDENTIFIER = com.iOSTestTask;
				PRODUCT_NAME = "$(TARGET_NAME)";
				SWIFT_VERSION = 3.0;
			};
			name = Debug;
		};
		F45F14291E69D16F00895D5E /* Release */ = {
			isa = XCBuildConfiguration;
			buildSettings = {
				ASSETCATALOG_COMPILER_APPICON_NAME = AppIcon;
				DEVELOPMENT_TEAM = "";
				INFOPLIST_FILE = iOSTestTask/Info.plist;
				LD_RUNPATH_SEARCH_PATHS = "$(inherited) @executable_path/Frameworks";
				PRODUCT_BUNDLE_IDENTIFIER = com.iOSTestTask;
				PRODUCT_NAME = "$(TARGET_NAME)";
				SWIFT_VERSION = 3.0;
			};
			name = Release;
		};
/* End XCBuildConfiguration section */

/* Begin XCConfigurationList section */
		F45F14101E69D16F00895D5E /* Build configuration list for PBXProject "iOSTestTask" */ = {
			isa = XCConfigurationList;
			buildConfigurations = (
				F45F14251E69D16F00895D5E /* Debug */,
				F45F14261E69D16F00895D5E /* Release */,
			);
			defaultConfigurationIsVisible = 0;
			defaultConfigurationName = Release;
		};
		F45F14271E69D16F00895D5E /* Build configuration list for PBXNativeTarget "iOSTestTask" */ = {
			isa = XCConfigurationList;
			buildConfigurations = (
				F45F14281E69D16F00895D5E /* Debug */,
				F45F14291E69D16F00895D5E /* Release */,
			);
			defaultConfigurationIsVisible = 0;
			defaultConfigurationName = Release;
		};
/* End XCConfigurationList section */
	};
	rootObject = F45F140D1E69D16F00895D5E /* Project object */;
}
